# This file is automatically @generated by Cargo.
# It is not intended for manual editing.
[[package]]
name = "callback"
version = "0.0.6"
dependencies = [
 "lazy_static 1.4.0 (registry+https://github.com/rust-lang/crates.io-index)",
 "spin 0.5.2 (registry+https://github.com/rust-lang/crates.io-index)",
 "web_common 0.0.1 (registry+https://github.com/rust-lang/crates.io-index)",
]

[[package]]
name = "lazy_static"
version = "1.4.0"
source = "registry+https://github.com/rust-lang/crates.io-index"
dependencies = [
 "spin 0.5.2 (registry+https://github.com/rust-lang/crates.io-index)",
]

[[package]]
name = "spin"
version = "0.5.2"
source = "registry+https://github.com/rust-lang/crates.io-index"

[[package]]
name = "web_common"
version = "0.0.1"
source = "registry+https://github.com/rust-lang/crates.io-index"

[metadata]
"checksum lazy_static 1.4.0 (registry+https://github.com/rust-lang/crates.io-index)" = "e2abad23fbc42b3700f2f279844dc832adb2b2eb069b2df918f455c4e18cc646"
"checksum spin 0.5.2 (registry+https://github.com/rust-lang/crates.io-index)" = "6e63cff320ae2c57904679ba7cb63280a3dc4613885beafb148ee7bf9aa9042d"
"checksum web_common 0.0.1 (registry+https://github.com/rust-lang/crates.io-index)" = "0e30600102354b117d215f08b8086651c7fdacc5581e2864d75e1dee5a204e2b"
